github.com/aws/aws-sdk-go-v2 v1.25.2 h1:/uiG1avJRgLGiQM9X3qJM8+Qa6KRGK5rRPuXE0HUM+w=
github.com/aws/aws-sdk-go-v2 v1.25.2/go.mod h1:Evoc5AsmtveRt1komDwIsjHFyrP5tDuF1D1U+6z6pNo=
github.com/aws/aws-sdk-go-v2/config v1.27.4 h1:AhfWb5ZwimdsYTgP7Od8E9L1u4sKmDW2ZVeLcf2O42M=
github.com/aws/aws-sdk-go-v2/config v1.27.4/go.mod h1:zq2FFXK3A416kiukwpsd+rD4ny6JC7QSkp4QdN1Mp2g=
github.com/aws/aws-sdk-go-v2/credentials v1.17.4 h1:h5Vztbd8qLppiPwX+y0Q6WiwMZgpd9keKe2EAENgAuI=
github.com/aws/aws-sdk-go-v2/credentials v1.17.4/go.mod h1:+30tpwrkOgvkJL1rUZuRLoxcJwtI/OkeBLYnHxJtVe0=
github.com/aws/aws-sdk-go-v2/feature/ec2/imds v1.15.2 h1:AK0J8iYBFeUk2Ax7O8YpLtFsfhdOByh2QIkHmigpRYk=
github.com/aws/aws-sdk-go-v2/feature/ec2/imds v1.15.2/go.mod h1:iRlGzMix0SExQEviAyptRWRGdYNo3+ufW/lCzvKVTUc=
github.com/aws/aws-sdk-go-v2/internal/configsources v1.3.2 h1:bNo4LagzUKbjdxE0tIcR9pMzLR2U/Tgie1Hq1HQ3iH8=
github.com/aws/aws-sdk-go-v2/internal/configsources v1.3.2/go.mod h1:wRQv0nN6v9wDXuWThpovGQjqF1HFdcgWjporw14lS8k=
github.com/aws/aws-sdk-go-v2/internal/endpoints/v2 v2.6.2 h1:EtOU5jsPdIQNP+6Q2C5e3d65NKT1PeCiQk+9OdzO12Q=
github.com/aws/aws-sdk-go-v2/internal/endpoints/v2 v2.6.2/go.mod h1:tyF5sKccmDz0Bv4NrstEr+/9YkSPJHrcO7UsUKf7pWM=
github.com/aws/aws-sdk-go-v2/internal/ini v1.8.0 h1:hT8rVHwugYE2lEfdFE0QWVo81lF7jMrYJVDWI+f+VxU=
github.com/aws/aws-sdk-go-v2/internal/ini v1.8.0/go.mod h1:8tu/lYfQfFe6IGnaOdrpVgEL2IrrDOf6/m9RQum4NkY=
github.com/aws/aws-sdk-go-v2/service/internal/accept-encoding v1.11.1 h1:EyBZibRTVAs6ECHZOw5/wlylS9OcTzwyjeQMudmREjE=
github.com/aws/aws-sdk-go-v2/service/internal/accept-encoding v1.11.1/go.mod h1:JKpmtYhhPs7D97NL/ltqz7yCkERFW5dOlHyVl66ZYF8=
github.com/aws/aws-sdk-go-v2/service/internal/presigned-url v1.11.2 h1:5ffmXjPtwRExp1zc7gENLgCPyHFbhEPwVTkTiH9niSk=
github.com/aws/aws-sdk-go-v2/service/internal/presigned-url v1.11.2/go.mod h1:Ru7vg1iQ7cR4i7SZ/JTLYN9kaXtbL69UdgG0OQWQxW0=
github.com/aws/aws-sdk-go-v2/service/sso v1.20.1 h1:utEGkfdQ4L6YW/ietH7111ZYglLJvS+sLriHJ1NBJEQ=
github.com/aws/aws-sdk-go-v2/service/sso v1.20.1/go.mod h1:RsYqzYr2F2oPDdpy+PdhephuZxTfjHQe7SOBcZGoAU8=
github.com/aws/aws-sdk-go-v2/service/ssooidc v1.23.1 h1:9/GylMS45hGGFCcMrUZDVayQE1jYSIN6da9jo7RAYIw=
github.com/aws/aws-sdk-go-v2/service/ssooidc v1.23.1/go.mod h1:YjAPFn4kGFqKC54VsHs5fn5B6d+PCY2tziEa3U/GB5Y=
github.com/aws/aws-sdk-go-v2/service/sts v1.28.1 h1:3I2cBEYgKhrWlwyZgfpSO2BpaMY1LHPqXYk/QGlu2ew=
github.com/aws/aws-sdk-go-v2/service/sts v1.28.1/go.mod h1:uQ7YYKZt3adCRrdCBREm1CD3efFLOUNH77MrUCvx5oA=
github.com/aws/smithy-go v1.20.1 h1:4SZlSlMr36UEqC7XOyRVb27XMeZubNcBNN+9IgEPIQw=
github.com/aws/smithy-go v1.20.1/go.mod h1:krry+ya/rV9RDcV/Q16kpu6ypI4K2czasz0NC3qS14E=
github.com/cpuguy83/go-md2man/v2 v2.0.3/go.mod h1:tgQtvFlXSQOSOSIRvRPT7W67SCa46tRHOmNcaadrF8o=
github.com/davecgh/go-spew v1.1.1 h1:vj9j/u1bqnvCEfJOwUhtlOARqs3+rkHYY13jYWTU97c=
github.com/davecgh/go-spew v1.1.1/go.mod h1:J7Y8YcW2NihsgmVo/mv3lAwl/skON4iLHjSsI+c5H38=
github.com/go-faster/errors v0.7.1 h1:MkJTnDoEdi9pDabt1dpWf7AA8/BaSYZqibYyhZ20AYg=
github.com/go-faster/errors v0.7.1/go.mod h1:5ySTjWFiphBs07IKuiL69nxdfd5+fzh1u7FPGZP2quo=
github.com/google/go-cmp v0.6.0 h1:ofyhxvXcZhMsU5ulbFiLKl/XBFqE1GSq7atu8tAmTRI=
github.com/google/go-cmp v0.6.0/go.mod h1:17dUlkBOakJ0+DkrSSNjCkIjxS6bF9zb3elmeNGIjoY=
github.com/gookit/color v1.5.4 h1:FZmqs7XOyGgCAxmWyPslpiok1k05wmY3SJTytgvYFs0=
github.com/gookit/color v1.5.4/go.mod h1:pZJOeOS8DM43rXbp4AZo1n9zCU2qjpcRko0b6/QJi9w=
github.com/inconshreveable/mousetrap v1.1.0 h1:wN+x4NVGpMsO7ErUn/mUI3vEoE6Jt13X2s0bqwp9tc8=
github.com/inconshreveable/mousetrap v1.1.0/go.mod h1:vpF70FUmC8bwa3OWnCshd2FqLfsEA9PFc4w1p2J65bw=
github.com/northwood-labs/awsutils v0.0.0-20220620172853-924504e83dfb h1:pZyIaM7pGlXplAaSy/0SGYgSa5Rt5SjDhVIF0xVc7I8=
github.com/northwood-labs/awsutils v0.0.0-20220620172853-924504e83dfb/go.mod h1:3yNQ3Fwync1OZXb9djMObgqZtk8/BidO5HqYVn40+t8=
github.com/northwood-labs/golang-utils/archstring v0.0.0-20240301191325-850f76df0fb0 h1:A6haSdcgVM4c+C0iItY+l1O15849Jrloo6FMo2J5SoQ=
github.com/northwood-labs/golang-utils/archstring v0.0.0-20240301191325-850f76df0fb0/go.mod h1:ixVR+WTyw0LxuhcprIZzxgxAy7LyZRFkpyIwvyNdpcY=
github.com/northwood-labs/golang-utils/exiterrorf v0.0.0-20240301221220-6be250811dab h1:wTZCozOiUWNj6T2al4r4+RINAtsgrtPriLXOS9Urucc=
github.com/northwood-labs/golang-utils/exiterrorf v0.0.0-20240301221220-6be250811dab/go.mod h1:DZOF/zxKfLJhhFfPhDNrUEU0/MvT5GpFeX3HL1UdYTY=
github.com/pkg/errors v0.9.1 h1:FEBLx1zS214owpjy7qsBeixbURkuhQAwrK5UwLGTwt4=
github.com/pkg/errors v0.9.1/go.mod h1:bwawxfHBFNV+L2hUp1rHADufV3IMtnDRdf1r5NINEl0=
github.com/pmezard/go-difflib v1.0.0 h1:4DBwDE0NGyQoBHbLQYPwSUPoCMWR5BEzIk/f1lZbAQM=
github.com/pmezard/go-difflib v1.0.0/go.mod h1:iKH77koFhYxTK1pcRnkKkqfTogsbg7gZNVY4sRDYZ/4=
github.com/russross/blackfriday/v2 v2.1.0/go.mod h1:+Rmxgy9KzJVeS9/2gXHxylqXiyQDYRxCVz55jmeOWTM=
github.com/spf13/cobra v1.8.0 h1:7aJaZx1B85qltLMc546zn58BxxfZdR/W22ej9CFoEf0=
github.com/spf13/cobra v1.8.0/go.mod h1:WXLWApfZ71AjXPya3WOlMsY9yMs7YeiHhFVlvLyhcho=
github.com/spf13/pflag v1.0.5 h1:iy+VFUOCP1a+8yFto/drg2CJ5u0yRoB7fZw3DKv/JXA=
github.com/spf13/pflag v1.0.5/go.mod h1:McXfInJRrz4CZXVZOBLb0bTZqETkiAhM9Iw0y3An2Bg=
github.com/stretchr/testify v1.8.4 h1:CcVxjf3Q8PM0mHUKJCdn+eZZtm5yQwehR5yeSVQQcUk=
github.com/stretchr/testify v1.8.4/go.mod h1:sz/lmYIOXD/1dqDmKjjqLyZ2RngseejIcXlSw2iwfAo=
github.com/xo/terminfo v0.0.0-20220910002029-abceb7e1c41e h1:JVG44RsyaB9T2KIHavMF/ppJZNG9ZpyihvCd0w101no=
github.com/xo/terminfo v0.0.0-20220910002029-abceb7e1c41e/go.mod h1:RbqR21r5mrJuqunuUZ/Dhy/avygyECGrLceyNeo4LiM=
golang.org/x/exp v0.0.0-20231206192017-f3f8817b8deb h1:c0vyKkb6yr3KR7jEfJaOSv4lG7xPkbN6r52aJz1d8a8=
golang.org/x/exp v0.0.0-20231206192017-f3f8817b8deb/go.mod h1:iRJReGqOEeBhDZGkGbynYwcHlctCvnjTYIamk7uXpHI=
golang.org/x/sys v0.17.0 h1:25cE3gD+tdBA7lp7QfhuV+rJiE9YXTcS3VG1SqssI/Y=
golang.org/x/sys v0.17.0/go.mod h1:/VUhepiaJMQUp4+oa/7Zr1D23ma6VTLIYjOOTFZPUcA=
gopkg.in/check.v1 v0.0.0-20161208181325-20d25e280405/go.mod h1:Co6ibVJAznAaIkqp8huTwlJQCZ016jof/cbN4VW5Yz0=
gopkg.in/yaml.v3 v3.0.1 h1:fxVm/GzAzEWqLHuvctI91KS9hhNmmWOoWu0XTYJS7CA=
gopkg.in/yaml.v3 v3.0.1/go.mod h1:K4uyk7z7BCEPqu6E+C64Yfv1cQ7kz7rIZviUmN+EgEM=
